
Microsoft Visual Studio Solution File, Format Version 12.00
# Visual Studio Version 16
VisualStudioVersion = 16.0.29709.97
MinimumVisualStudioVersion = 10.0.40219.1
Project("{FAE04EC0-301F-11D3-BF4B-00C04F79EFBC}") = "ExifLogSchema", "ExifLogSchema\ExifLogSchema.csproj", "{1942A2AD-C402-4F3D-AAFD-26E8B1D013DF}"
EndProject
Project("{FAE04EC0-301F-11D3-BF4B-00C04F79EFBC}") = "EXIFLogApp", "EXIFLogApp\EXIFLogApp.csproj", "{15C038A0-D6AB-4BD7-8A4F-4DACD01207AF}"
EndProject
Global
	GlobalSection(SolutionConfigurationPlatforms) = preSolution
		Debug|Any CPU = Debug|Any CPU
		Release|Any CPU = Release|Any CPU
	EndGlobalSection
	GlobalSection(ProjectConfigurationPlatforms) = postSolution
		{1942A2AD-C402-4F3D-AAFD-26E8B1D013DF}.Debug|Any CPU.ActiveCfg = Debug|Any CPU
		{1942A2AD-C402-4F3D-AAFD-26E8B1D013DF}.Debug|Any CPU.Build.0 = Debug|Any CPU
		{1942A2AD-C402-4F3D-AAFD-26E8B1D013DF}.Release|Any CPU.ActiveCfg = Release|Any CPU
		{1942A2AD-C402-4F3D-AAFD-26E8B1D013DF}.Release|Any CPU.Build.0 = Release|Any CPU
		{15C038A0-D6AB-4BD7-8A4F-4DACD01207AF}.Debug|Any CPU.ActiveCfg = Debug|Any CPU
		{15C038A0-D6AB-4BD7-8A4F-4DACD01207AF}.Debug|Any CPU.Build.0 = Debug|Any CPU
		{15C038A0-D6AB-4BD7-8A4F-4DACD01207AF}.Release|Any CPU.ActiveCfg = Release|Any CPU
		{15C038A0-D6AB-4BD7-8A4F-4DACD01207AF}.Release|Any CPU.Build.0 = Release|Any CPU
	EndGlobalSection
	GlobalSection(SolutionProperties) = preSolution
		HideSolutionNode = FALSE
	EndGlobalSection
	GlobalSection(ExtensibilityGlobals) = postSolution
		SolutionGuid = {05366A5B-A731-40D3-96DE-77D91480D199}
	EndGlobalSection
EndGlobal
